// !$*UTF8*$!
{
	archiveVersion = 1;
	classes = {
	};
	objectVersion = 51;
	objects = {

/* Begin PBXBuildFile section */
		2E3A4AD022EBA1CAA89F3FE5 /* Pods_JSON_Parser.framework in Frameworks */ = {isa = PBXBuildFile; fileRef = F874F878FA1C3BF3F3EF1446 /* Pods_JSON_Parser.framework */; };
		F969546D2458173D000C6049 /* AppDelegate.swift in Sources */ = {isa = PBXBuildFile; fileRef = F969546C2458173D000C6049 /* AppDelegate.swift */; };
		F96954762458173F000C6049 /* Assets.xcassets in Resources */ = {isa = PBXBuildFile; fileRef = F96954752458173F000C6049 /* Assets.xcassets */; };
		F96954792458173F000C6049 /* LaunchScreen.storyboard in Resources */ = {isa = PBXBuildFile; fileRef = F96954772458173F000C6049 /* LaunchScreen.storyboard */; };
		F9695484245818DF000C6049 /* CardsVC.swift in Sources */ = {isa = PBXBuildFile; fileRef = F9695483245818DF000C6049 /* CardsVC.swift */; };
		F9695488245819C8000C6049 /* KSNetworkManager.swift in Sources */ = {isa = PBXBuildFile; fileRef = F9695487245819C8000C6049 /* KSNetworkManager.swift */; };
		F969548B24581B71000C6049 /* UserDetailJSONResponse.swift in Sources */ = {isa = PBXBuildFile; fileRef = F969548A24581B71000C6049 /* UserDetailJSONResponse.swift */; };
		F9924E0624581E7E0014ADBB /* URLs.swift in Sources */ = {isa = PBXBuildFile; fileRef = F9924E0524581E7E0014ADBB /* URLs.swift */; };
		F9924E08245820040014ADBB /* UserDetailsTableViewCell.swift in Sources */ = {isa = PBXBuildFile; fileRef = F9924E07245820040014ADBB /* UserDetailsTableViewCell.swift */; };
/* End PBXBuildFile section */

/* Begin PBXFileReference section */
		789B1D0F35D271A21A4D80EA /* Pods-JSON_Parser.debug.xcconfig */ = {isa = PBXFileReference; includeInIndex = 1; lastKnownFileType = text.xcconfig; name = "Pods-JSON_Parser.debug.xcconfig"; path = "Target Support Files/Pods-JSON_Parser/Pods-JSON_Parser.debug.xcconfig"; sourceTree = "<group>"; };
		EEE10859EF47A9E9F0DAC498 /* Pods-JSON_Parser.release.xcconfig */ = {isa = PBXFileReference; includeInIndex = 1; lastKnownFileType = text.xcconfig; name = "Pods-JSON_Parser.release.xcconfig"; path = "Target Support Files/Pods-JSON_Parser/Pods-JSON_Parser.release.xcconfig"; sourceTree = "<group>"; };
		F874F878FA1C3BF3F3EF1446 /* Pods_JSON_Parser.framework */ = {isa = PBXFileReference; explicitFileType = wrapper.framework; includeInIndex = 0; path = Pods_JSON_Parser.framework; sourceTree = BUILT_PRODUCTS_DIR; };
		F96954692458173D000C6049 /* JSON_Parser.app */ = {isa = PBXFileReference; explicitFileType = wrapper.application; includeInIndex = 0; path = JSON_Parser.app; sourceTree = BUILT_PRODUCTS_DIR; };
		F969546C2458173D000C6049 /* AppDelegate.swift */ = {isa = PBXFileReference; lastKnownFileType = sourcecode.swift; path = AppDelegate.swift; sourceTree = "<group>"; };
		F96954752458173F000C6049 /* Assets.xcassets */ = {isa = PBXFileReference; lastKnownFileType = folder.assetcatalog; path = Assets.xcassets; sourceTree = "<group>"; };
		F96954782458173F000C6049 /* Base */ = {isa = PBXFileReference; lastKnownFileType = file.storyboard; name = Base; path = Base.lproj/LaunchScreen.storyboard; sourceTree = "<group>"; };
		F969547A2458173F000C6049 /* Info.plist */ = {isa = PBXFileReference; lastKnownFileType = text.plist.xml; path = Info.plist; sourceTree = "<group>"; };
		F9695483245818DF000C6049 /* CardsVC.swift */ = {isa = PBXFileReference; lastKnownFileType = sourcecode.swift; path = CardsVC.swift; sourceTree = "<group>"; };
		F9695487245819C8000C6049 /* KSNetworkManager.swift */ = {isa = PBXFileReference; lastKnownFileType = sourcecode.swift; path = KSNetworkManager.swift; sourceTree = "<group>"; };
		F969548A24581B71000C6049 /* UserDetailJSONResponse.swift */ = {isa = PBXFileReference; lastKnownFileType = sourcecode.swift; path = UserDetailJSONResponse.swift; sourceTree = "<group>"; };
		F9924E0524581E7E0014ADBB /* URLs.swift */ = {isa = PBXFileReference; lastKnownFileType = sourcecode.swift; path = URLs.swift; sourceTree = "<group>"; };
		F9924E07245820040014ADBB /* UserDetailsTableViewCell.swift */ = {isa = PBXFileReference; lastKnownFileType = sourcecode.swift; path = UserDetailsTableViewCell.swift; sourceTree = "<group>"; };
/* End PBXFileReference section */

/* Begin PBXFrameworksBuildPhase section */
		F96954662458173D000C6049 /* Frameworks */ = {
			isa = PBXFrameworksBuildPhase;
			buildActionMask = 2147483647;
			files = (
				2E3A4AD022EBA1CAA89F3FE5 /* Pods_JSON_Parser.framework in Frameworks */,
			);
			runOnlyForDeploymentPostprocessing = 0;
		};
/* End PBXFrameworksBuildPhase section */

/* Begin PBXGroup section */
		8EE21FC436600519C8D21C4A /* Frameworks */ = {
			isa = PBXGroup;
			children = (
				F874F878FA1C3BF3F3EF1446 /* Pods_JSON_Parser.framework */,
			);
			name = Frameworks;
			sourceTree = "<group>";
		};
		C73CD64C8C7D827FB4657EEE /* Pods */ = {
			isa = PBXGroup;
			children = (
				789B1D0F35D271A21A4D80EA /* Pods-JSON_Parser.debug.xcconfig */,
				EEE10859EF47A9E9F0DAC498 /* Pods-JSON_Parser.release.xcconfig */,
			);
			path = Pods;
			sourceTree = "<group>";
		};
		F96954602458173D000C6049 = {
			isa = PBXGroup;
			children = (
				F969546B2458173D000C6049 /* JSON_Parser */,
				F969546A2458173D000C6049 /* Products */,
				C73CD64C8C7D827FB4657EEE /* Pods */,
				8EE21FC436600519C8D21C4A /* Frameworks */,
			);
			sourceTree = "<group>";
		};
		F969546A2458173D000C6049 /* Products */ = {
			isa = PBXGroup;
			children = (
				F96954692458173D000C6049 /* JSON_Parser.app */,
			);
			name = Products;
			sourceTree = "<group>";
		};
		F969546B2458173D000C6049 /* JSON_Parser */ = {
			isa = PBXGroup;
			children = (
				F9695480245817B3000C6049 /* Cards  */,
				F9924E0324581E640014ADBB /* Helper */,
				F969548524581997000C6049 /* Manager */,
				F969546C2458173D000C6049 /* AppDelegate.swift */,
				F96954752458173F000C6049 /* Assets.xcassets */,
				F96954772458173F000C6049 /* LaunchScreen.storyboard */,
				F969547A2458173F000C6049 /* Info.plist */,
			);
			path = JSON_Parser;
			sourceTree = "<group>";
		};
		F9695480245817B3000C6049 /* Cards  */ = {
			isa = PBXGroup;
			children = (
				F969548924581B5A000C6049 /* Model */,
				F9695482245817CD000C6049 /* Cell */,
				F9695481245817C0000C6049 /* Controller */,
			);
			path = "Cards ";
			sourceTree = "<group>";
		};
		F9695481245817C0000C6049 /* Controller */ = {
			isa = PBXGroup;
			children = (
				F9695483245818DF000C6049 /* CardsVC.swift */,
			);
			path = Controller;
			sourceTree = "<group>";
		};
		F9695482245817CD000C6049 /* Cell */ = {
			isa = PBXGroup;
			children = (
				F9924E07245820040014ADBB /* UserDetailsTableViewCell.swift */,
			);
			path = Cell;
			sourceTree = "<group>";
		};
		F969548524581997000C6049 /* Manager */ = {
			isa = PBXGroup;
			children = (
				F9695486245819A0000C6049 /* Network */,
			);
			path = Manager;
			sourceTree = "<group>";
		};
		F9695486245819A0000C6049 /* Network */ = {
			isa = PBXGroup;
			children = (
				F9695487245819C8000C6049 /* KSNetworkManager.swift */,
			);
			path = Network;
			sourceTree = "<group>";
		};
		F969548924581B5A000C6049 /* Model */ = {
			isa = PBXGroup;
			children = (
				F969548A24581B71000C6049 /* UserDetailJSONResponse.swift */,
			);
			path = Model;
			sourceTree = "<group>";
		};
		F9924E0324581E640014ADBB /* Helper */ = {
			isa = PBXGroup;
			children = (
				F9924E0424581E6B0014ADBB /* URLs */,
			);
			path = Helper;
			sourceTree = "<group>";
		};
		F9924E0424581E6B0014ADBB /* URLs */ = {
			isa = PBXGroup;
			children = (
				F9924E0524581E7E0014ADBB /* URLs.swift */,
			);
			path = URLs;
			sourceTree = "<group>";
		};
/* End PBXGroup section */

/* Begin PBXNativeTarget section */
		F96954682458173D000C6049 /* JSON_Parser */ = {
			isa = PBXNativeTarget;
			buildConfigurationList = F969547D2458173F000C6049 /* Build configuration list for PBXNativeTarget "JSON_Parser" */;
			buildPhases = (
				E10A76E32D00E33A18E02190 /* [CP] Check Pods Manifest.lock */,
				F96954652458173D000C6049 /* Sources */,
				F96954662458173D000C6049 /* Frameworks */,
				F96954672458173D000C6049 /* Resources */,
				147075A709D7F819AE39E3B7 /* [CP] Embed Pods Frameworks */,
			);
			buildRules = (
			);
			dependencies = (
			);
			name = JSON_Parser;
			productName = JSON_Parser;
			productReference = F96954692458173D000C6049 /* JSON_Parser.app */;
			productType = "com.apple.product-type.application";
		};
/* End PBXNativeTarget section */

/* Begin PBXProject section */
		F96954612458173D000C6049 /* Project object */ = {
			isa = PBXProject;
			attributes = {
				LastSwiftUpdateCheck = 1140;
				LastUpgradeCheck = 1140;
				ORGANIZATIONNAME = "Kedar-27";
				TargetAttributes = {
					F96954682458173D000C6049 = {
						CreatedOnToolsVersion = 11.4.1;
					};
				};
			};
			buildConfigurationList = F96954642458173D000C6049 /* Build configuration list for PBXProject "JSON_Parser" */;
			compatibilityVersion = "Xcode 9.3";
			developmentRegion = en;
			hasScannedForEncodings = 0;
			knownRegions = (
				en,
				Base,
			);
			mainGroup = F96954602458173D000C6049;
			productRefGroup = F969546A2458173D000C6049 /* Products */;
			projectDirPath = "";
			projectRoot = "";
			targets = (
				F96954682458173D000C6049 /* JSON_Parser */,
			);
		};
/* End PBXProject section */

/* Begin PBXResourcesBuildPhase section */
		F96954672458173D000C6049 /* Resources */ = {
			isa = PBXResourcesBuildPhase;
			buildActionMask = 2147483647;
			files = (
				F96954792458173F000C6049 /* LaunchScreen.storyboard in Resources */,
				F96954762458173F000C6049 /* Assets.xcassets in Resources */,
			);
			runOnlyForDeploymentPostprocessing = 0;
		};
/* End PBXResourcesBuildPhase section */

/* Begin PBXShellScriptBuildPhase section */
		147075A709D7F819AE39E3B7 /* [CP] Embed Pods Frameworks */ = {
			isa = PBXShellScriptBuildPhase;
			buildActionMask = 2147483647;
			files = (
			);
			inputFileListPaths = (
				"${PODS_ROOT}/Target Support Files/Pods-JSON_Parser/Pods-JSON_Parser-frameworks-${CONFIGURATION}-input-files.xcfilelist",
			);
			name = "[CP] Embed Pods Frameworks";
			outputFileListPaths = (
				"${PODS_ROOT}/Target Support Files/Pods-JSON_Parser/Pods-JSON_Parser-frameworks-${CONFIGURATION}-output-files.xcfilelist",
			);
			runOnlyForDeploymentPostprocessing = 0;
			shellPath = /bin/sh;
			shellScript = "\"${PODS_ROOT}/Target Support Files/Pods-JSON_Parser/Pods-JSON_Parser-frameworks.sh\"\n";
			showEnvVarsInLog = 0;
		};
		E10A76E32D00E33A18E02190 /* [CP] Check Pods Manifest.lock */ = {
			isa = PBXShellScriptBuildPhase;
			buildActionMask = 2147483647;
			files = (
			);
			inputFileListPaths = (
			);
			inputPaths = (
				"${PODS_PODFILE_DIR_PATH}/Podfile.lock",
				"${PODS_ROOT}/Manifest.lock",
			);
			name = "[CP] Check Pods Manifest.lock";
			outputFileListPaths = (
			);
			outputPaths = (
				"$(DERIVED_FILE_DIR)/Pods-JSON_Parser-checkManifestLockResult.txt",
			);
			runOnlyForDeploymentPostprocessing = 0;
			shellPath = /bin/sh;
			shellScript = "diff \"${PODS_PODFILE_DIR_PATH}/Podfile.lock\" \"${PODS_ROOT}/Manifest.lock\" > /dev/null\nif [ $? != 0 ] ; then\n    # print error to STDERR\n    echo \"error: The sandbox is not in sync with the Podfile.lock. Run 'pod install' or update your CocoaPods installation.\" >&2\n    exit 1\nfi\n# This output is used by Xcode 'outputs' to avoid re-running this script phase.\necho \"SUCCESS\" > \"${SCRIPT_OUTPUT_FILE_0}\"\n";
			showEnvVarsInLog = 0;
		};
/* End PBXShellScriptBuildPhase section */

/* Begin PBXSourcesBuildPhase section */
		F96954652458173D000C6049 /* Sources */ = {
			isa = PBXSourcesBuildPhase;
			buildActionMask = 2147483647;
			files = (
				F9924E0624581E7E0014ADBB /* URLs.swift in Sources */,
				F9924E08245820040014ADBB /* UserDetailsTableViewCell.swift in Sources */,
				F969548B24581B71000C6049 /* UserDetailJSONResponse.swift in Sources */,
				F9695488245819C8000C6049 /* KSNetworkManager.swift in Sources */,
				F9695484245818DF000C6049 /* CardsVC.swift in Sources */,
				F969546D2458173D000C6049 /* AppDelegate.swift in Sources */,
			);
			runOnlyForDeploymentPostprocessing = 0;
		};
/* End PBXSourcesBuildPhase section */

/* Begin PBXVariantGroup section */
		F96954772458173F000C6049 /* LaunchScreen.storyboard */ = {
			isa = PBXVariantGroup;
			children = (
				F96954782458173F000C6049 /* Base */,
			);
			name = LaunchScreen.storyboard;
			sourceTree = "<group>";
		};
/* End PBXVariantGroup section */

/* Begin XCBuildConfiguration section */
		F969547B2458173F000C6049 /* Debug */ = {
			isa = XCBuildConfiguration;
			buildSettings = {
				ALWAYS_SEARCH_USER_PATHS = NO;
				CLANG_ANALYZER_NONNULL = YES;
				CLANG_ANALYZER_NUMBER_OBJECT_CONVERSION = YES_AGGRESSIVE;
				CLANG_CXX_LANGUAGE_STANDARD = "gnu++14";
				CLANG_CXX_LIBRARY = "libc++";
				CLANG_ENABLE_MODULES = YES;
				CLANG_ENABLE_OBJC_ARC = YES;
				CLANG_ENABLE_OBJC_WEAK = YES;
				CLANG_WARN_BLOCK_CAPTURE_AUTORELEASING = YES;
				CLANG_WARN_BOOL_CONVERSION = YES;
				CLANG_WARN_COMMA = YES;
				CLANG_WARN_CONSTANT_CONVERSION = YES;
				CLANG_WARN_DEPRECATED_OBJC_IMPLEMENTATIONS = YES;
				CLANG_WARN_DIRECT_OBJC_ISA_USAGE = YES_ERROR;
				CLANG_WARN_DOCUMENTATION_COMMENTS = YES;
				CLANG_WARN_EMPTY_BODY = YES;
				CLANG_WARN_ENUM_CONVERSION = YES;
				CLANG_WARN_INFINITE_RECURSION = YES;
				CLANG_WARN_INT_CONVERSION = YES;
				CLANG_WARN_NON_LITERAL_NULL_CONVERSION = YES;
				CLANG_WARN_OBJC_IMPLICIT_RETAIN_SELF = YES;
				CLANG_WARN_OBJC_LITERAL_CONVERSION = YES;
				CLANG_WARN_OBJC_ROOT_CLASS = YES_ERROR;
				CLANG_WARN_RANGE_LOOP_ANALYSIS = YES;
				CLANG_WARN_STRICT_PROTOTYPES = YES;
				CLANG_WARN_SUSPICIOUS_MOVE = YES;
				CLANG_WARN_UNGUARDED_AVAILABILITY = YES_AGGRESSIVE;
				CLANG_WARN_UNREACHABLE_CODE = YES;
				CLANG_WARN__DUPLICATE_METHOD_MATCH = YES;
				COPY_PHASE_STRIP = NO;
				DEBUG_INFORMATION_FORMAT = dwarf;
				ENABLE_STRICT_OBJC_MSGSEND = YES;
				ENABLE_TESTABILITY = YES;
				GCC_C_LANGUAGE_STANDARD = gnu11;
				GCC_DYNAMIC_NO_PIC = NO;
				GCC_NO_COMMON_BLOCKS = YES;
				GCC_OPTIMIZATION_LEVEL = 0;
				GCC_PREPROCESSOR_DEFINITIONS = (
					"DEBUG=1",
					"$(inherited)",
				);
				GCC_WARN_64_TO_32_BIT_CONVERSION = YES;
				GCC_WARN_ABOUT_RETURN_TYPE = YES_ERROR;
				GCC_WARN_UNDECLARED_SELECTOR = YES;
				GCC_WARN_UNINITIALIZED_AUTOS = YES_AGGRESSIVE;
				GCC_WARN_UNUSED_FUNCTION = YES;
				GCC_WARN_UNUSED_VARIABLE = YES;
				IPHONEOS_DEPLOYMENT_TARGET = 13.4;
				MTL_ENABLE_DEBUG_INFO = INCLUDE_SOURCE;
				MTL_FAST_MATH = YES;
				ONLY_ACTIVE_ARCH = YES;
				SDKROOT = iphoneos;
				SWIFT_ACTIVE_COMPILATION_CONDITIONS = DEBUG;
				SWIFT_OPTIMIZATION_LEVEL = "-Onone";
			};
			name = Debug;
		};
		F969547C2458173F000C6049 /* Release */ = {
			isa = XCBuildConfiguration;
			buildSettings = {
				ALWAYS_SEARCH_USER_PATHS = NO;
				CLANG_ANALYZER_NONNULL = YES;
				CLANG_ANALYZER_NUMBER_OBJECT_CONVERSION = YES_AGGRESSIVE;
				CLANG_CXX_LANGUAGE_STANDARD = "gnu++14";
				CLANG_CXX_LIBRARY = "libc++";
				CLANG_ENABLE_MODULES = YES;
				CLANG_ENABLE_OBJC_ARC = YES;
				CLANG_ENABLE_OBJC_WEAK = YES;
				CLANG_WARN_BLOCK_CAPTURE_AUTORELEASING = YES;
				CLANG_WARN_BOOL_CONVERSION = YES;
				CLANG_WARN_COMMA = YES;
				CLANG_WARN_CONSTANT_CONVERSION = YES;
				CLANG_WARN_DEPRECATED_OBJC_IMPLEMENTATIONS = YES;
				CLANG_WARN_DIRECT_OBJC_ISA_USAGE = YES_ERROR;
				CLANG_WARN_DOCUMENTATION_COMMENTS = YES;
				CLANG_WARN_EMPTY_BODY = YES;
				CLANG_WARN_ENUM_CONVERSION = YES;
				CLANG_WARN_INFINITE_RECURSION = YES;
				CLANG_WARN_INT_CONVERSION = YES;
				CLANG_WARN_NON_LITERAL_NULL_CONVERSION = YES;
				CLANG_WARN_OBJC_IMPLICIT_RETAIN_SELF = YES;
				CLANG_WARN_OBJC_LITERAL_CONVERSION = YES;
				CLANG_WARN_OBJC_ROOT_CLASS = YES_ERROR;
				CLANG_WARN_RANGE_LOOP_ANALYSIS = YES;
				CLANG_WARN_STRICT_PROTOTYPES = YES;
				CLANG_WARN_SUSPICIOUS_MOVE = YES;
				CLANG_WARN_UNGUARDED_AVAILABILITY = YES_AGGRESSIVE;
				CLANG_WARN_UNREACHABLE_CODE = YES;
				CLANG_WARN__DUPLICATE_METHOD_MATCH = YES;
				COPY_PHASE_STRIP = NO;
				DEBUG_INFORMATION_FORMAT = "dwarf-with-dsym";
				ENABLE_NS_ASSERTIONS = NO;
				ENABLE_STRICT_OBJC_MSGSEND = YES;
				GCC_C_LANGUAGE_STANDARD = gnu11;
				GCC_NO_COMMON_BLOCKS = YES;
				GCC_WARN_64_TO_32_BIT_CONVERSION = YES;
				GCC_WARN_ABOUT_RETURN_TYPE = YES_ERROR;
				GCC_WARN_UNDECLARED_SELECTOR = YES;
				GCC_WARN_UNINITIALIZED_AUTOS = YES_AGGRESSIVE;
				GCC_WARN_UNUSED_FUNCTION = YES;
				GCC_WARN_UNUSED_VARIABLE = YES;
				IPHONEOS_DEPLOYMENT_TARGET = 13.4;
				MTL_ENABLE_DEBUG_INFO = NO;
				MTL_FAST_MATH = YES;
				SDKROOT = iphoneos;
				SWIFT_COMPILATION_MODE = wholemodule;
				SWIFT_OPTIMIZATION_LEVEL = "-O";
				VALIDATE_PRODUCT = YES;
			};
			name = Release;
		};
		F969547E2458173F000C6049 /* Debug */ = {
			isa = XCBuildConfiguration;
			baseConfigurationReference = 789B1D0F35D271A21A4D80EA /* Pods-JSON_Parser.debug.xcconfig */;
			buildSettings = {
				ASSETCATALOG_COMPILER_APPICON_NAME = AppIcon;
				CODE_SIGN_STYLE = Automatic;
				INFOPLIST_FILE = JSON_Parser/Info.plist;
				LD_RUNPATH_SEARCH_PATHS = (
					"$(inherited)",
					"@executable_path/Frameworks",
				);
				PRODUCT_BUNDLE_IDENTIFIER = "com.ked27.JSON-Parser";
				PRODUCT_NAME = "$(TARGET_NAME)";
				SWIFT_VERSION = 5.0;
				TARGETED_DEVICE_FAMILY = 1;
			};
			name = Debug;
		};
		F969547F2458173F000C6049 /* Release */ = {
			isa = XCBuildConfiguration;
			baseConfigurationReference = EEE10859EF47A9E9F0DAC498 /* Pods-JSON_Parser.release.xcconfig */;
			buildSettings = {
				ASSETCATALOG_COMPILER_APPICON_NAME = AppIcon;
				CODE_SIGN_STYLE = Automatic;
				INFOPLIST_FILE = JSON_Parser/Info.plist;
				LD_RUNPATH_SEARCH_PATHS = (
					"$(inherited)",
					"@executable_path/Frameworks",
				);
				PRODUCT_BUNDLE_IDENTIFIER = "com.ked27.JSON-Parser";
				PRODUCT_NAME = "$(TARGET_NAME)";
				SWIFT_VERSION = 5.0;
				TARGETED_DEVICE_FAMILY = 1;
			};
			name = Release;
		};
/* End XCBuildConfiguration section */

/* Begin XCConfigurationList section */
		F96954642458173D000C6049 /* Build configuration list for PBXProject "JSON_Parser" */ = {
			isa = XCConfigurationList;
			buildConfigurations = (
				F969547B2458173F000C6049 /* Debug */,
				F969547C2458173F000C6049 /* Release */,
			);
			defaultConfigurationIsVisible = 0;
			defaultConfigurationName = Release;
		};
		F969547D2458173F000C6049 /* Build configuration list for PBXNativeTarget "JSON_Parser" */ = {
			isa = XCConfigurationList;
			buildConfigurations = (
				F969547E2458173F000C6049 /* Debug */,
				F969547F2458173F000C6049 /* Release */,
			);
			defaultConfigurationIsVisible = 0;
			defaultConfigurationName = Release;
		};
/* End XCConfigurationList section */
	};
	rootObject = F96954612458173D000C6049 /* Project object */;
}
